
Microsoft Visual Studio Solution File, Format Version 12.00
# Visual Studio Version 16
VisualStudioVersion = 16.0.29102.190
MinimumVisualStudioVersion = 10.0.40219.1
Project("{FAE04EC0-301F-11D3-BF4B-00C04F79EFBC}") = "music.data", "music.data\music.data.csproj", "{D685C2B6-47F0-4926-9B2A-C4572D12AEF3}"
EndProject
Project("{FAE04EC0-301F-11D3-BF4B-00C04F79EFBC}") = "music.biz", "music.biz\music.biz.csproj", "{4C0AA443-72D6-491D-8FDD-2438170B0887}"
EndProject
Project("{FAE04EC0-301F-11D3-BF4B-00C04F79EFBC}") = "music.dataTests", "music.dataTests\music.dataTests.csproj", "{D074E1B4-9575-47FB-8191-0A67555B011A}"
EndProject
Project("{FAE04EC0-301F-11D3-BF4B-00C04F79EFBC}") = "commons", "commons\commons.csproj", "{0E56226D-78FE-4DB2-8669-C7B9B15558BB}"
EndProject
Project("{FAE04EC0-301F-11D3-BF4B-00C04F79EFBC}") = "music.bizTests", "music.bizTests\music.bizTests.csproj", "{9F7F90C7-3787-4E56-8FBE-6A44EF42084B}"
EndProject
Global
	GlobalSection(SolutionConfigurationPlatforms) = preSolution
		Debug|Any CPU = Debug|Any CPU
		Release|Any CPU = Release|Any CPU
	EndGlobalSection
	GlobalSection(ProjectConfigurationPlatforms) = postSolution
		{D685C2B6-47F0-4926-9B2A-C4572D12AEF3}.Debug|Any CPU.ActiveCfg = Debug|Any CPU
		{D685C2B6-47F0-4926-9B2A-C4572D12AEF3}.Debug|Any CPU.Build.0 = Debug|Any CPU
		{D685C2B6-47F0-4926-9B2A-C4572D12AEF3}.Release|Any CPU.ActiveCfg = Release|Any CPU
		{D685C2B6-47F0-4926-9B2A-C4572D12AEF3}.Release|Any CPU.Build.0 = Release|Any CPU
		{4C0AA443-72D6-491D-8FDD-2438170B0887}.Debug|Any CPU.ActiveCfg = Debug|Any CPU
		{4C0AA443-72D6-491D-8FDD-2438170B0887}.Debug|Any CPU.Build.0 = Debug|Any CPU
		{4C0AA443-72D6-491D-8FDD-2438170B0887}.Release|Any CPU.ActiveCfg = Release|Any CPU
		{4C0AA443-72D6-491D-8FDD-2438170B0887}.Release|Any CPU.Build.0 = Release|Any CPU
		{D074E1B4-9575-47FB-8191-0A67555B011A}.Debug|Any CPU.ActiveCfg = Debug|Any CPU
		{D074E1B4-9575-47FB-8191-0A67555B011A}.Debug|Any CPU.Build.0 = Debug|Any CPU
		{D074E1B4-9575-47FB-8191-0A67555B011A}.Release|Any CPU.ActiveCfg = Release|Any CPU
		{D074E1B4-9575-47FB-8191-0A67555B011A}.Release|Any CPU.Build.0 = Release|Any CPU
		{0E56226D-78FE-4DB2-8669-C7B9B15558BB}.Debug|Any CPU.ActiveCfg = Debug|Any CPU
		{0E56226D-78FE-4DB2-8669-C7B9B15558BB}.Debug|Any CPU.Build.0 = Debug|Any CPU
		{0E56226D-78FE-4DB2-8669-C7B9B15558BB}.Release|Any CPU.ActiveCfg = Release|Any CPU
		{0E56226D-78FE-4DB2-8669-C7B9B15558BB}.Release|Any CPU.Build.0 = Release|Any CPU
		{9F7F90C7-3787-4E56-8FBE-6A44EF42084B}.Debug|Any CPU.ActiveCfg = Debug|Any CPU
		{9F7F90C7-3787-4E56-8FBE-6A44EF42084B}.Debug|Any CPU.Build.0 = Debug|Any CPU
		{9F7F90C7-3787-4E56-8FBE-6A44EF42084B}.Release|Any CPU.ActiveCfg = Release|Any CPU
		{9F7F90C7-3787-4E56-8FBE-6A44EF42084B}.Release|Any CPU.Build.0 = Release|Any CPU
	EndGlobalSection
	GlobalSection(SolutionProperties) = preSolution
		HideSolutionNode = FALSE
	EndGlobalSection
	GlobalSection(ExtensibilityGlobals) = postSolution
		SolutionGuid = {0C7C44F4-39BC-4FD3-92A3-F5D7F9699FFD}
	EndGlobalSection
EndGlobal
